// !$*UTF8*$!
{
	archiveVersion = 1;
	classes = {
	};
	objectVersion = 46;
	objects = {

/* Begin PBXBuildFile section */
		3D6105A41C69A04A00AC87F4 /* AppDelegate.swift in Sources */ = {isa = PBXBuildFile; fileRef = 3D6105A31C69A04A00AC87F4 /* AppDelegate.swift */; };
		3D6105A61C69A04B00AC87F4 /* ChecklistViewController.swift in Sources */ = {isa = PBXBuildFile; fileRef = 3D6105A51C69A04B00AC87F4 /* ChecklistViewController.swift */; };
		3D6105A91C69A04B00AC87F4 /* Main.storyboard in Resources */ = {isa = PBXBuildFile; fileRef = 3D6105A71C69A04B00AC87F4 /* Main.storyboard */; };
		3D6105AE1C69A04B00AC87F4 /* LaunchScreen.storyboard in Resources */ = {isa = PBXBuildFile; fileRef = 3D6105AC1C69A04B00AC87F4 /* LaunchScreen.storyboard */; };
		3DF3C89F1C6B4D7400EA67D3 /* Assets.xcassets in Resources */ = {isa = PBXBuildFile; fileRef = 3D6105AA1C69A04B00AC87F4 /* Assets.xcassets */; };
/* End PBXBuildFile section */

/* Begin PBXFileReference section */
		3D6105A01C69A04A00AC87F4 /* Checklists.app */ = {isa = PBXFileReference; explicitFileType = wrapper.application; includeInIndex = 0; path = Checklists.app; sourceTree = BUILT_PRODUCTS_DIR; };
		3D6105A31C69A04A00AC87F4 /* AppDelegate.swift */ = {isa = PBXFileReference; lastKnownFileType = sourcecode.swift; path = AppDelegate.swift; sourceTree = "<group>"; };
		3D6105A51C69A04B00AC87F4 /* ChecklistViewController.swift */ = {isa = PBXFileReference; lastKnownFileType = sourcecode.swift; path = ChecklistViewController.swift; sourceTree = "<group>"; };
		3D6105A81C69A04B00AC87F4 /* Base */ = {isa = PBXFileReference; lastKnownFileType = file.storyboard; name = Base; path = Base.lproj/Main.storyboard; sourceTree = "<group>"; };
		3D6105AA1C69A04B00AC87F4 /* Assets.xcassets */ = {isa = PBXFileReference; lastKnownFileType = folder.assetcatalog; path = Assets.xcassets; sourceTree = "<group>"; };
		3D6105AD1C69A04B00AC87F4 /* Base */ = {isa = PBXFileReference; lastKnownFileType = file.storyboard; name = Base; path = Base.lproj/LaunchScreen.storyboard; sourceTree = "<group>"; };
		3D6105AF1C69A04B00AC87F4 /* Info.plist */ = {isa = PBXFileReference; lastKnownFileType = text.plist.xml; path = Info.plist; sourceTree = "<group>"; };
/* End PBXFileReference section */

/* Begin PBXFrameworksBuildPhase section */
		3D61059D1C69A04A00AC87F4 /* Frameworks */ = {
			isa = PBXFrameworksBuildPhase;
			buildActionMask = 2147483647;
			files = (
			);
			runOnlyForDeploymentPostprocessing = 0;
		};
/* End PBXFrameworksBuildPhase section */

/* Begin PBXGroup section */
		3D6105971C69A04A00AC87F4 = {
			isa = PBXGroup;
			children = (
				3D6105A21C69A04A00AC87F4 /* Checklists */,
				3D6105A11C69A04A00AC87F4 /* Products */,
			);
			sourceTree = "<group>";
		};
		3D6105A11C69A04A00AC87F4 /* Products */ = {
			isa = PBXGroup;
			children = (
				3D6105A01C69A04A00AC87F4 /* Checklists.app */,
			);
			name = Products;
			sourceTree = "<group>";
		};
		3D6105A21C69A04A00AC87F4 /* Checklists */ = {
			isa = PBXGroup;
			children = (
				3D6105A31C69A04A00AC87F4 /* AppDelegate.swift */,
				3D6105A51C69A04B00AC87F4 /* ChecklistViewController.swift */,
				3D6105A71C69A04B00AC87F4 /* Main.storyboard */,
				3D6105AA1C69A04B00AC87F4 /* Assets.xcassets */,
				3D6105AC1C69A04B00AC87F4 /* LaunchScreen.storyboard */,
				3D6105AF1C69A04B00AC87F4 /* Info.plist */,
			);
			path = Checklists;
			sourceTree = "<group>";
		};
/* End PBXGroup section */

/* Begin PBXNativeTarget section */
		3D61059F1C69A04A00AC87F4 /* Checklists */ = {
			isa = PBXNativeTarget;
			buildConfigurationList = 3D6105B21C69A04B00AC87F4 /* Build configuration list for PBXNativeTarget "Checklists" */;
			buildPhases = (
				3D61059C1C69A04A00AC87F4 /* Sources */,
				3D61059D1C69A04A00AC87F4 /* Frameworks */,
				3D61059E1C69A04A00AC87F4 /* Resources */,
			);
			buildRules = (
			);
			dependencies = (
			);
			name = Checklists;
			productName = Checklists;
			productReference = 3D6105A01C69A04A00AC87F4 /* Checklists.app */;
			productType = "com.apple.product-type.application";
		};
/* End PBXNativeTarget section */

/* Begin PBXProject section */
		3D6105981C69A04A00AC87F4 /* Project object */ = {
			isa = PBXProject;
			attributes = {
				LastSwiftUpdateCheck = 0720;
				LastUpgradeCheck = 0720;
				ORGANIZATIONNAME = "张泽昕";
				TargetAttributes = {
					3D61059F1C69A04A00AC87F4 = {
						CreatedOnToolsVersion = 7.2;
						DevelopmentTeam = W2G7NG2UM5;
					};
				};
			};
			buildConfigurationList = 3D61059B1C69A04A00AC87F4 /* Build configuration list for PBXProject "Checklists" */;
			compatibilityVersion = "Xcode 3.2";
			developmentRegion = English;
			hasScannedForEncodings = 0;
			knownRegions = (
				en,
				Base,
			);
			mainGroup = 3D6105971C69A04A00AC87F4;
			productRefGroup = 3D6105A11C69A04A00AC87F4 /* Products */;
			projectDirPath = "";
			projectRoot = "";
			targets = (
				3D61059F1C69A04A00AC87F4 /* Checklists */,
			);
		};
/* End PBXProject section */

/* Begin PBXResourcesBuildPhase section */
		3D61059E1C69A04A00AC87F4 /* Resources */ = {
			isa = PBXResourcesBuildPhase;
			buildActionMask = 2147483647;
			files = (
				3D6105AE1C69A04B00AC87F4 /* LaunchScreen.storyboard in Resources */,
				3DF3C89F1C6B4D7400EA67D3 /* Assets.xcassets in Resources */,
				3D6105A91C69A04B00AC87F4 /* Main.storyboard in Resources */,
			);
			runOnlyForDeploymentPostprocessing = 0;
		};
/* End PBXResourcesBuildPhase section */

/* Begin PBXSourcesBuildPhase section */
		3D61059C1C69A04A00AC87F4 /* Sources */ = {
			isa = PBXSourcesBuildPhase;
			buildActionMask = 2147483647;
			files = (
				3D6105A61C69A04B00AC87F4 /* ChecklistViewController.swift in Sources */,
				3D6105A41C69A04A00AC87F4 /* AppDelegate.swift in Sources */,
			);
			runOnlyForDeploymentPostprocessing = 0;
		};
/* End PBXSourcesBuildPhase section */

/* Begin PBXVariantGroup section */
		3D6105A71C69A04B00AC87F4 /* Main.storyboard */ = {
			isa = PBXVariantGroup;
			children = (
				3D6105A81C69A04B00AC87F4 /* Base */,
			);
			name = Main.storyboard;
			sourceTree = "<group>";
		};
		3D6105AC1C69A04B00AC87F4 /* LaunchScreen.storyboard */ = {
			isa = PBXVariantGroup;
			children = (
				3D6105AD1C69A04B00AC87F4 /* Base */,
			);
			name = LaunchScreen.storyboard;
			sourceTree = "<group>";
		};
/* End PBXVariantGroup section */

/* Begin XCBuildConfiguration section */
		3D6105B01C69A04B00AC87F4 /* Debug */ = {
			isa = XCBuildConfiguration;
			buildSettings = {
				ALWAYS_SEARCH_USER_PATHS = NO;
				CLANG_CXX_LANGUAGE_STANDARD = "gnu++0x";
				CLANG_CXX_LIBRARY = "libc++";
				CLANG_ENABLE_MODULES = YES;
				CLANG_ENABLE_OBJC_ARC = YES;
				CLANG_WARN_BOOL_CONVERSION = YES;
				CLANG_WARN_CONSTANT_CONVERSION = YES;
				CLANG_WARN_DIRECT_OBJC_ISA_USAGE = YES_ERROR;
				CLANG_WARN_EMPTY_BODY = YES;
				CLANG_WARN_ENUM_CONVERSION = YES;
				CLANG_WARN_INT_CONVERSION = YES;
				CLANG_WARN_OBJC_ROOT_CLASS = YES_ERROR;
				CLANG_WARN_UNREACHABLE_CODE = YES;
				CLANG_WARN__DUPLICATE_METHOD_MATCH = YES;
				"CODE_SIGN_IDENTITY[sdk=iphoneos*]" = "iPhone Developer";
				COPY_PHASE_STRIP = NO;
				DEBUG_INFORMATION_FORMAT = dwarf;
				ENABLE_STRICT_OBJC_MSGSEND = YES;
				ENABLE_TESTABILITY = YES;
				GCC_C_LANGUAGE_STANDARD = gnu99;
				GCC_DYNAMIC_NO_PIC = NO;
				GCC_NO_COMMON_BLOCKS = YES;
				GCC_OPTIMIZATION_LEVEL = 0;
				GCC_PREPROCESSOR_DEFINITIONS = (
					"DEBUG=1",
					"$(inherited)",
				);
				GCC_WARN_64_TO_32_BIT_CONVERSION = YES;
				GCC_WARN_ABOUT_RETURN_TYPE = YES_ERROR;
				GCC_WARN_UNDECLARED_SELECTOR = YES;
				GCC_WARN_UNINITIALIZED_AUTOS = YES_AGGRESSIVE;
				GCC_WARN_UNUSED_FUNCTION = YES;
				GCC_WARN_UNUSED_VARIABLE = YES;
				IPHONEOS_DEPLOYMENT_TARGET = 9.2;
				MTL_ENABLE_DEBUG_INFO = YES;
				ONLY_ACTIVE_ARCH = YES;
				SDKROOT = iphoneos;
				SWIFT_OPTIMIZATION_LEVEL = "-Onone";
			};
			name = Debug;
		};
		3D6105B11C69A04B00AC87F4 /* Release */ = {
			isa = XCBuildConfiguration;
			buildSettings = {
				ALWAYS_SEARCH_USER_PATHS = NO;
				CLANG_CXX_LANGUAGE_STANDARD = "gnu++0x";
				CLANG_CXX_LIBRARY = "libc++";
				CLANG_ENABLE_MODULES = YES;
				CLANG_ENABLE_OBJC_ARC = YES;
				CLANG_WARN_BOOL_CONVERSION = YES;
				CLANG_WARN_CONSTANT_CONVERSION = YES;
				CLANG_WARN_DIRECT_OBJC_ISA_USAGE = YES_ERROR;
				CLANG_WARN_EMPTY_BODY = YES;
				CLANG_WARN_ENUM_CONVERSION = YES;
				CLANG_WARN_INT_CONVERSION = YES;
				CLANG_WARN_OBJC_ROOT_CLASS = YES_ERROR;
				CLANG_WARN_UNREACHABLE_CODE = YES;
				CLANG_WARN__DUPLICATE_METHOD_MATCH = YES;
				"CODE_SIGN_IDENTITY[sdk=iphoneos*]" = "iPhone Developer";
				COPY_PHASE_STRIP = NO;
				DEBUG_INFORMATION_FORMAT = "dwarf-with-dsym";
				ENABLE_NS_ASSERTIONS = NO;
				ENABLE_STRICT_OBJC_MSGSEND = YES;
				GCC_C_LANGUAGE_STANDARD = gnu99;
				GCC_NO_COMMON_BLOCKS = YES;
				GCC_WARN_64_TO_32_BIT_CONVERSION = YES;
				GCC_WARN_ABOUT_RETURN_TYPE = YES_ERROR;
				GCC_WARN_UNDECLARED_SELECTOR = YES;
				GCC_WARN_UNINITIALIZED_AUTOS = YES_AGGRESSIVE;
				GCC_WARN_UNUSED_FUNCTION = YES;
				GCC_WARN_UNUSED_VARIABLE = YES;
				IPHONEOS_DEPLOYMENT_TARGET = 9.2;
				MTL_ENABLE_DEBUG_INFO = NO;
				SDKROOT = iphoneos;
				VALIDATE_PRODUCT = YES;
			};
			name = Release;
		};
		3D6105B31C69A04B00AC87F4 /* Debug */ = {
			isa = XCBuildConfiguration;
			buildSettings = {
				ASSETCATALOG_COMPILER_APPICON_NAME = AppIcon;
				INFOPLIST_FILE = Checklists/Info.plist;
				LD_RUNPATH_SEARCH_PATHS = "$(inherited) @executable_path/Frameworks";
				PRODUCT_BUNDLE_IDENTIFIER = zzx.Checklists;
				PRODUCT_NAME = "$(TARGET_NAME)";
			};
			name = Debug;
		};
		3D6105B41C69A04B00AC87F4 /* Release */ = {
			isa = XCBuildConfiguration;
			buildSettings = {
				ASSETCATALOG_COMPILER_APPICON_NAME = AppIcon;
				INFOPLIST_FILE = Checklists/Info.plist;
				LD_RUNPATH_SEARCH_PATHS = "$(inherited) @executable_path/Frameworks";
				PRODUCT_BUNDLE_IDENTIFIER = zzx.Checklists;
				PRODUCT_NAME = "$(TARGET_NAME)";
			};
			name = Release;
		};
/* End XCBuildConfiguration section */

/* Begin XCConfigurationList section */
		3D61059B1C69A04A00AC87F4 /* Build configuration list for PBXProject "Checklists" */ = {
			isa = XCConfigurationList;
			buildConfigurations = (
				3D6105B01C69A04B00AC87F4 /* Debug */,
				3D6105B11C69A04B00AC87F4 /* Release */,
			);
			defaultConfigurationIsVisible = 0;
			defaultConfigurationName = Release;
		};
		3D6105B21C69A04B00AC87F4 /* Build configuration list for PBXNativeTarget "Checklists" */ = {
			isa = XCConfigurationList;
			buildConfigurations = (
				3D6105B31C69A04B00AC87F4 /* Debug */,
				3D6105B41C69A04B00AC87F4 /* Release */,
			);
			defaultConfigurationIsVisible = 0;
			defaultConfigurationName = Release;
		};
/* End XCConfigurationList section */
	};
	rootObject = 3D6105981C69A04A00AC87F4 /* Project object */;
}
